
Microsoft Visual Studio Solution File, Format Version 12.00
# Visual Studio Version 17
VisualStudioVersion = 17.5.33530.505
MinimumVisualStudioVersion = 10.0.40219.1
Project("{FAE04EC0-301F-11D3-BF4B-00C04F79EFBC}") = "ConsoleAppResturantMenu", "ConsoleAppResturantMenu.csproj", "{1CF148F3-5990-4D94-8EB1-E32855F6D093}"
EndProject
Global
	GlobalSection(SolutionConfigurationPlatforms) = preSolution
		Debug|Any CPU = Debug|Any CPU
		Release|Any CPU = Release|Any CPU
	EndGlobalSection
	GlobalSection(ProjectConfigurationPlatforms) = postSolution
		{1CF148F3-5990-4D94-8EB1-E32855F6D093}.Debug|Any CPU.ActiveCfg = Debug|Any CPU
		{1CF148F3-5990-4D94-8EB1-E32855F6D093}.Debug|Any CPU.Build.0 = Debug|Any CPU
		{1CF148F3-5990-4D94-8EB1-E32855F6D093}.Release|Any CPU.ActiveCfg = Release|Any CPU
		{1CF148F3-5990-4D94-8EB1-E32855F6D093}.Release|Any CPU.Build.0 = Release|Any CPU
	EndGlobalSection
	GlobalSection(SolutionProperties) = preSolution
		HideSolutionNode = FALSE
	EndGlobalSection
	GlobalSection(ExtensibilityGlobals) = postSolution
		SolutionGuid = {2D640131-B128-4570-8F0C-A0AA3E910BFE}
	EndGlobalSection
EndGlobal
